
Microsoft Visual Studio Solution File, Format Version 12.00
# Visual Studio Version 17
VisualStudioVersion = 17.0.31903.59
MinimumVisualStudioVersion = 10.0.40219.1
Project("{2150E333-8FDC-42A3-9474-1A3956D46DE8}") = "src", "src", "{827E0CD3-B72D-47B6-A68D-7590B98EB39B}"
EndProject
Project("{FAE04EC0-301F-11D3-BF4B-00C04F79EFBC}") = "SkillKite.API", "src\SkillKite.API\SkillKite.API.csproj", "{2CB3520B-21A7-4F67-AA9D-7914D687483C}"
EndProject
Project("{FAE04EC0-301F-11D3-BF4B-00C04F79EFBC}") = "SkillKite.Core", "src\SkillKite.Core\SkillKite.Core.csproj", "{B173FC9E-A8E4-40E7-AF4C-AD5AAED717B2}"
EndProject
Project("{FAE04EC0-301F-11D3-BF4B-00C04F79EFBC}") = "SkillKite.Infrastructure", "src\SkillKite.Infrastructure\SkillKite.Infrastructure.csproj", "{AAA4D6D9-F104-47A3-9A45-5AB63CDB5529}"
EndProject
Project("{FAE04EC0-301F-11D3-BF4B-00C04F79EFBC}") = "SkillKite.Data", "src\SkillKite.Data\SkillKite.Data.csproj", "{28131E6E-90E3-4EE3-8B3F-7D5C543FBCED}"
EndProject
Project("{2150E333-8FDC-42A3-9474-1A3956D46DE8}") = "tests", "tests", "{0AB3BF05-4346-4AA6-1389-037BE0695223}"
EndProject
Project("{FAE04EC0-301F-11D3-BF4B-00C04F79EFBC}") = "SkillKite.Tests", "tests\SkillKite.Tests\SkillKite.Tests.csproj", "{FC06CF27-3BE6-4100-8CAE-05A596C500A5}"
EndProject
Global
	GlobalSection(SolutionConfigurationPlatforms) = preSolution
		Debug|Any CPU = Debug|Any CPU
		Debug|x64 = Debug|x64
		Debug|x86 = Debug|x86
		Release|Any CPU = Release|Any CPU
		Release|x64 = Release|x64
		Release|x86 = Release|x86
	EndGlobalSection
	GlobalSection(ProjectConfigurationPlatforms) = postSolution
		{2CB3520B-21A7-4F67-AA9D-7914D687483C}.Debug|Any CPU.ActiveCfg = Debug|Any CPU
		{2CB3520B-21A7-4F67-AA9D-7914D687483C}.Debug|Any CPU.Build.0 = Debug|Any CPU
		{2CB3520B-21A7-4F67-AA9D-7914D687483C}.Debug|x64.ActiveCfg = Debug|Any CPU
		{2CB3520B-21A7-4F67-AA9D-7914D687483C}.Debug|x64.Build.0 = Debug|Any CPU
		{2CB3520B-21A7-4F67-AA9D-7914D687483C}.Debug|x86.ActiveCfg = Debug|Any CPU
		{2CB3520B-21A7-4F67-AA9D-7914D687483C}.Debug|x86.Build.0 = Debug|Any CPU
		{2CB3520B-21A7-4F67-AA9D-7914D687483C}.Release|Any CPU.ActiveCfg = Release|Any CPU
		{2CB3520B-21A7-4F67-AA9D-7914D687483C}.Release|Any CPU.Build.0 = Release|Any CPU
		{2CB3520B-21A7-4F67-AA9D-7914D687483C}.Release|x64.ActiveCfg = Release|Any CPU
		{2CB3520B-21A7-4F67-AA9D-7914D687483C}.Release|x64.Build.0 = Release|Any CPU
		{2CB3520B-21A7-4F67-AA9D-7914D687483C}.Release|x86.ActiveCfg = Release|Any CPU
		{2CB3520B-21A7-4F67-AA9D-7914D687483C}.Release|x86.Build.0 = Release|Any CPU
		{B173FC9E-A8E4-40E7-AF4C-AD5AAED717B2}.Debug|Any CPU.ActiveCfg = Debug|Any CPU
		{B173FC9E-A8E4-40E7-AF4C-AD5AAED717B2}.Debug|Any CPU.Build.0 = Debug|Any CPU
		{B173FC9E-A8E4-40E7-AF4C-AD5AAED717B2}.Debug|x64.ActiveCfg = Debug|Any CPU
		{B173FC9E-A8E4-40E7-AF4C-AD5AAED717B2}.Debug|x64.Build.0 = Debug|Any CPU
		{B173FC9E-A8E4-40E7-AF4C-AD5AAED717B2}.Debug|x86.ActiveCfg = Debug|Any CPU
		{B173FC9E-A8E4-40E7-AF4C-AD5AAED717B2}.Debug|x86.Build.0 = Debug|Any CPU
		{B173FC9E-A8E4-40E7-AF4C-AD5AAED717B2}.Release|Any CPU.ActiveCfg = Release|Any CPU
		{B173FC9E-A8E4-40E7-AF4C-AD5AAED717B2}.Release|Any CPU.Build.0 = Release|Any CPU
		{B173FC9E-A8E4-40E7-AF4C-AD5AAED717B2}.Release|x64.ActiveCfg = Release|Any CPU
		{B173FC9E-A8E4-40E7-AF4C-AD5AAED717B2}.Release|x64.Build.0 = Release|Any CPU
		{B173FC9E-A8E4-40E7-AF4C-AD5AAED717B2}.Release|x86.ActiveCfg = Release|Any CPU
		{B173FC9E-A8E4-40E7-AF4C-AD5AAED717B2}.Release|x86.Build.0 = Release|Any CPU
		{AAA4D6D9-F104-47A3-9A45-5AB63CDB5529}.Debug|Any CPU.ActiveCfg = Debug|Any CPU
		{AAA4D6D9-F104-47A3-9A45-5AB63CDB5529}.Debug|Any CPU.Build.0 = Debug|Any CPU
		{AAA4D6D9-F104-47A3-9A45-5AB63CDB5529}.Debug|x64.ActiveCfg = Debug|Any CPU
		{AAA4D6D9-F104-47A3-9A45-5AB63CDB5529}.Debug|x64.Build.0 = Debug|Any CPU
		{AAA4D6D9-F104-47A3-9A45-5AB63CDB5529}.Debug|x86.ActiveCfg = Debug|Any CPU
		{AAA4D6D9-F104-47A3-9A45-5AB63CDB5529}.Debug|x86.Build.0 = Debug|Any CPU
		{AAA4D6D9-F104-47A3-9A45-5AB63CDB5529}.Release|Any CPU.ActiveCfg = Release|Any CPU
		{AAA4D6D9-F104-47A3-9A45-5AB63CDB5529}.Release|Any CPU.Build.0 = Release|Any CPU
		{AAA4D6D9-F104-47A3-9A45-5AB63CDB5529}.Release|x64.ActiveCfg = Release|Any CPU
		{AAA4D6D9-F104-47A3-9A45-5AB63CDB5529}.Release|x64.Build.0 = Release|Any CPU
		{AAA4D6D9-F104-47A3-9A45-5AB63CDB5529}.Release|x86.ActiveCfg = Release|Any CPU
		{AAA4D6D9-F104-47A3-9A45-5AB63CDB5529}.Release|x86.Build.0 = Release|Any CPU
		{28131E6E-90E3-4EE3-8B3F-7D5C543FBCED}.Debug|Any CPU.ActiveCfg = Debug|Any CPU
		{28131E6E-90E3-4EE3-8B3F-7D5C543FBCED}.Debug|Any CPU.Build.0 = Debug|Any CPU
		{28131E6E-90E3-4EE3-8B3F-7D5C543FBCED}.Debug|x64.ActiveCfg = Debug|Any CPU
		{28131E6E-90E3-4EE3-8B3F-7D5C543FBCED}.Debug|x64.Build.0 = Debug|Any CPU
		{28131E6E-90E3-4EE3-8B3F-7D5C543FBCED}.Debug|x86.ActiveCfg = Debug|Any CPU
		{28131E6E-90E3-4EE3-8B3F-7D5C543FBCED}.Debug|x86.Build.0 = Debug|Any CPU
		{28131E6E-90E3-4EE3-8B3F-7D5C543FBCED}.Release|Any CPU.ActiveCfg = Release|Any CPU
		{28131E6E-90E3-4EE3-8B3F-7D5C543FBCED}.Release|Any CPU.Build.0 = Release|Any CPU
		{28131E6E-90E3-4EE3-8B3F-7D5C543FBCED}.Release|x64.ActiveCfg = Release|Any CPU
		{28131E6E-90E3-4EE3-8B3F-7D5C543FBCED}.Release|x64.Build.0 = Release|Any CPU
		{28131E6E-90E3-4EE3-8B3F-7D5C543FBCED}.Release|x86.ActiveCfg = Release|Any CPU
		{28131E6E-90E3-4EE3-8B3F-7D5C543FBCED}.Release|x86.Build.0 = Release|Any CPU
		{FC06CF27-3BE6-4100-8CAE-05A596C500A5}.Debug|Any CPU.ActiveCfg = Debug|Any CPU
		{FC06CF27-3BE6-4100-8CAE-05A596C500A5}.Debug|Any CPU.Build.0 = Debug|Any CPU
		{FC06CF27-3BE6-4100-8CAE-05A596C500A5}.Debug|x64.ActiveCfg = Debug|Any CPU
		{FC06CF27-3BE6-4100-8CAE-05A596C500A5}.Debug|x64.Build.0 = Debug|Any CPU
		{FC06CF27-3BE6-4100-8CAE-05A596C500A5}.Debug|x86.ActiveCfg = Debug|Any CPU
		{FC06CF27-3BE6-4100-8CAE-05A596C500A5}.Debug|x86.Build.0 = Debug|Any CPU
		{FC06CF27-3BE6-4100-8CAE-05A596C500A5}.Release|Any CPU.ActiveCfg = Release|Any CPU
		{FC06CF27-3BE6-4100-8CAE-05A596C500A5}.Release|Any CPU.Build.0 = Release|Any CPU
		{FC06CF27-3BE6-4100-8CAE-05A596C500A5}.Release|x64.ActiveCfg = Release|Any CPU
		{FC06CF27-3BE6-4100-8CAE-05A596C500A5}.Release|x64.Build.0 = Release|Any CPU
		{FC06CF27-3BE6-4100-8CAE-05A596C500A5}.Release|x86.ActiveCfg = Release|Any CPU
		{FC06CF27-3BE6-4100-8CAE-05A596C500A5}.Release|x86.Build.0 = Release|Any CPU
	EndGlobalSection
	GlobalSection(SolutionProperties) = preSolution
		HideSolutionNode = FALSE
	EndGlobalSection
	GlobalSection(NestedProjects) = preSolution
		{2CB3520B-21A7-4F67-AA9D-7914D687483C} = {827E0CD3-B72D-47B6-A68D-7590B98EB39B}
		{B173FC9E-A8E4-40E7-AF4C-AD5AAED717B2} = {827E0CD3-B72D-47B6-A68D-7590B98EB39B}
		{AAA4D6D9-F104-47A3-9A45-5AB63CDB5529} = {827E0CD3-B72D-47B6-A68D-7590B98EB39B}
		{28131E6E-90E3-4EE3-8B3F-7D5C543FBCED} = {827E0CD3-B72D-47B6-A68D-7590B98EB39B}
		{FC06CF27-3BE6-4100-8CAE-05A596C500A5} = {0AB3BF05-4346-4AA6-1389-037BE0695223}
	EndGlobalSection
EndGlobal
